
Microsoft Visual Studio Solution File, Format Version 12.00
# Visual Studio Version 16
VisualStudioVersion = 16.0.28803.202
MinimumVisualStudioVersion = 10.0.40219.1
Project("{9092AA53-FB77-4645-B42D-1CCCA6BD08BD}") = "ExpressApp1", "ExpressApp1.njsproj", "{36549501-5370-4C6A-B2C2-37FD2763FEFA}"
EndProject
Global
	GlobalSection(SolutionConfigurationPlatforms) = preSolution
		Debug|Any CPU = Debug|Any CPU
		Release|Any CPU = Release|Any CPU
	EndGlobalSection
	GlobalSection(ProjectConfigurationPlatforms) = postSolution
		{36549501-5370-4C6A-B2C2-37FD2763FEFA}.Debug|Any CPU.ActiveCfg = Debug|Any CPU
		{36549501-5370-4C6A-B2C2-37FD2763FEFA}.Debug|Any CPU.Build.0 = Debug|Any CPU
		{36549501-5370-4C6A-B2C2-37FD2763FEFA}.Release|Any CPU.ActiveCfg = Release|Any CPU
		{36549501-5370-4C6A-B2C2-37FD2763FEFA}.Release|Any CPU.Build.0 = Release|Any CPU
	EndGlobalSection
	GlobalSection(SolutionProperties) = preSolution
		HideSolutionNode = FALSE
	EndGlobalSection
	GlobalSection(ExtensibilityGlobals) = postSolution
		SolutionGuid = {0F64BBEE-05AC-4483-97EF-FB5C15E5B387}
	EndGlobalSection
EndGlobal
